
Microsoft Visual Studio Solution File, Format Version 12.00
# Visual Studio Version 17
VisualStudioVersion = 17.5.002.0
MinimumVisualStudioVersion = 10.0.40219.1
Project("{9A19103F-16F7-4668-BE54-9A1E7A4F7556}") = "bekk.oppdrift.nugeteksempel", "nuget_eksempel\bekk.oppdrift.nugeteksempel.csproj", "{DE726276-89A6-484E-AA52-B08056B6D693}"
EndProject
Global
	GlobalSection(SolutionConfigurationPlatforms) = preSolution
		Debug|Any CPU = Debug|Any CPU
		Release|Any CPU = Release|Any CPU
	EndGlobalSection
	GlobalSection(ProjectConfigurationPlatforms) = postSolution
		{DE726276-89A6-484E-AA52-B08056B6D693}.Debug|Any CPU.ActiveCfg = Debug|Any CPU
		{DE726276-89A6-484E-AA52-B08056B6D693}.Debug|Any CPU.Build.0 = Debug|Any CPU
		{DE726276-89A6-484E-AA52-B08056B6D693}.Release|Any CPU.ActiveCfg = Release|Any CPU
		{DE726276-89A6-484E-AA52-B08056B6D693}.Release|Any CPU.Build.0 = Release|Any CPU
	EndGlobalSection
	GlobalSection(SolutionProperties) = preSolution
		HideSolutionNode = FALSE
	EndGlobalSection
	GlobalSection(ExtensibilityGlobals) = postSolution
		SolutionGuid = {DADF3FAD-C6F6-4554-88A6-B4602DECF386}
	EndGlobalSection
EndGlobal
