
Microsoft Visual Studio Solution File, Format Version 12.00
Project("{FAE04EC0-301F-11D3-BF4B-00C04F79EFBC}") = "WebSocketDemo", "WebSocketDemo\WebSocketDemo.csproj", "{DA189705-83EE-4841-8FCD-A5C20AFB99BD}"
EndProject
Global
	GlobalSection(SolutionConfigurationPlatforms) = preSolution
		Debug|Any CPU = Debug|Any CPU
		Release|Any CPU = Release|Any CPU
	EndGlobalSection
	GlobalSection(ProjectConfigurationPlatforms) = postSolution
		{DA189705-83EE-4841-8FCD-A5C20AFB99BD}.Debug|Any CPU.ActiveCfg = Debug|Any CPU
		{DA189705-83EE-4841-8FCD-A5C20AFB99BD}.Debug|Any CPU.Build.0 = Debug|Any CPU
		{DA189705-83EE-4841-8FCD-A5C20AFB99BD}.Release|Any CPU.ActiveCfg = Release|Any CPU
		{DA189705-83EE-4841-8FCD-A5C20AFB99BD}.Release|Any CPU.Build.0 = Release|Any CPU
	EndGlobalSection
EndGlobal
